// !$*UTF8*$!
{
	archiveVersion = 1;
	classes = {
	};
	objectVersion = 56;
	objects = {

/* Begin PBXBuildFile section */
		6F02F72D2AAA2A1C00EAAA39 /* ProfileViewController.swift in Sources */ = {isa = PBXBuildFile; fileRef = 6F02F72C2AAA2A1C00EAAA39 /* ProfileViewController.swift */; };
		6F9BAE342AA8C07C0077AD7C /* AppDelegate.swift in Sources */ = {isa = PBXBuildFile; fileRef = 6F9BAE332AA8C07C0077AD7C /* AppDelegate.swift */; };
		6F9BAE362AA8C07C0077AD7C /* SceneDelegate.swift in Sources */ = {isa = PBXBuildFile; fileRef = 6F9BAE352AA8C07C0077AD7C /* SceneDelegate.swift */; };
		6F9BAE382AA8C07C0077AD7C /* ReportsViewController.swift in Sources */ = {isa = PBXBuildFile; fileRef = 6F9BAE372AA8C07C0077AD7C /* ReportsViewController.swift */; };
		6F9BAE3D2AA8C07E0077AD7C /* Assets.xcassets in Resources */ = {isa = PBXBuildFile; fileRef = 6F9BAE3C2AA8C07E0077AD7C /* Assets.xcassets */; };
		6F9BAE402AA8C07E0077AD7C /* LaunchScreen.storyboard in Resources */ = {isa = PBXBuildFile; fileRef = 6F9BAE3E2AA8C07E0077AD7C /* LaunchScreen.storyboard */; };
		6F9BAE482AA8C14F0077AD7C /* TabBarController.swift in Sources */ = {isa = PBXBuildFile; fileRef = 6F9BAE472AA8C14F0077AD7C /* TabBarController.swift */; };
		6FA97CCA2AADC2040082D909 /* MainViewController.swift in Sources */ = {isa = PBXBuildFile; fileRef = 6FA97CC92AADC2040082D909 /* MainViewController.swift */; };
		6FA97CD22AADD1D30082D909 /* Segoe UI.ttf in Resources */ = {isa = PBXBuildFile; fileRef = 6FA97CD12AADD1D30082D909 /* Segoe UI.ttf */; };
		6FA97CD42AADD1DB0082D909 /* Segoe UI Bold.ttf in Resources */ = {isa = PBXBuildFile; fileRef = 6FA97CD32AADD1DB0082D909 /* Segoe UI Bold.ttf */; };
		6FA97CD62AADDCA30082D909 /* Segoe UI Light.ttf in Resources */ = {isa = PBXBuildFile; fileRef = 6FA97CD52AADDCA30082D909 /* Segoe UI Light.ttf */; };
		6FA97CD82AADDF130082D909 /* MainTableViewCell.swift in Sources */ = {isa = PBXBuildFile; fileRef = 6FA97CD72AADDF130082D909 /* MainTableViewCell.swift */; };
		6FA97CDA2AADE0370082D909 /* Cripto.swift in Sources */ = {isa = PBXBuildFile; fileRef = 6FA97CD92AADE0370082D909 /* Cripto.swift */; };
		6FA97CDC2AADF0A10082D909 /* Segoe UI Semibold.ttf in Resources */ = {isa = PBXBuildFile; fileRef = 6FA97CDB2AADF0A10082D909 /* Segoe UI Semibold.ttf */; };
/* End PBXBuildFile section */

/* Begin PBXFileReference section */
		6F02F72C2AAA2A1C00EAAA39 /* ProfileViewController.swift */ = {isa = PBXFileReference; lastKnownFileType = sourcecode.swift; path = ProfileViewController.swift; sourceTree = "<group>"; };
		6F9BAE302AA8C07C0077AD7C /* UIScreens.app */ = {isa = PBXFileReference; explicitFileType = wrapper.application; includeInIndex = 0; path = UIScreens.app; sourceTree = BUILT_PRODUCTS_DIR; };
		6F9BAE332AA8C07C0077AD7C /* AppDelegate.swift */ = {isa = PBXFileReference; lastKnownFileType = sourcecode.swift; path = AppDelegate.swift; sourceTree = "<group>"; };
		6F9BAE352AA8C07C0077AD7C /* SceneDelegate.swift */ = {isa = PBXFileReference; lastKnownFileType = sourcecode.swift; path = SceneDelegate.swift; sourceTree = "<group>"; };
		6F9BAE372AA8C07C0077AD7C /* ReportsViewController.swift */ = {isa = PBXFileReference; lastKnownFileType = sourcecode.swift; path = ReportsViewController.swift; sourceTree = "<group>"; };
		6F9BAE3C2AA8C07E0077AD7C /* Assets.xcassets */ = {isa = PBXFileReference; lastKnownFileType = folder.assetcatalog; path = Assets.xcassets; sourceTree = "<group>"; };
		6F9BAE3F2AA8C07E0077AD7C /* Base */ = {isa = PBXFileReference; lastKnownFileType = file.storyboard; name = Base; path = Base.lproj/LaunchScreen.storyboard; sourceTree = "<group>"; };
		6F9BAE412AA8C07E0077AD7C /* Info.plist */ = {isa = PBXFileReference; lastKnownFileType = text.plist.xml; path = Info.plist; sourceTree = "<group>"; };
		6F9BAE472AA8C14F0077AD7C /* TabBarController.swift */ = {isa = PBXFileReference; lastKnownFileType = sourcecode.swift; path = TabBarController.swift; sourceTree = "<group>"; };
		6FA97CC92AADC2040082D909 /* MainViewController.swift */ = {isa = PBXFileReference; lastKnownFileType = sourcecode.swift; path = MainViewController.swift; sourceTree = "<group>"; };
		6FA97CD12AADD1D30082D909 /* Segoe UI.ttf */ = {isa = PBXFileReference; lastKnownFileType = file; path = "Segoe UI.ttf"; sourceTree = "<group>"; };
		6FA97CD32AADD1DB0082D909 /* Segoe UI Bold.ttf */ = {isa = PBXFileReference; lastKnownFileType = file; path = "Segoe UI Bold.ttf"; sourceTree = "<group>"; };
		6FA97CD52AADDCA30082D909 /* Segoe UI Light.ttf */ = {isa = PBXFileReference; lastKnownFileType = file; path = "Segoe UI Light.ttf"; sourceTree = "<group>"; };
		6FA97CD72AADDF130082D909 /* MainTableViewCell.swift */ = {isa = PBXFileReference; lastKnownFileType = sourcecode.swift; path = MainTableViewCell.swift; sourceTree = "<group>"; };
		6FA97CD92AADE0370082D909 /* Cripto.swift */ = {isa = PBXFileReference; lastKnownFileType = sourcecode.swift; path = Cripto.swift; sourceTree = "<group>"; };
		6FA97CDB2AADF0A10082D909 /* Segoe UI Semibold.ttf */ = {isa = PBXFileReference; lastKnownFileType = file; path = "Segoe UI Semibold.ttf"; sourceTree = "<group>"; };
/* End PBXFileReference section */

/* Begin PBXFrameworksBuildPhase section */
		6F9BAE2D2AA8C07C0077AD7C /* Frameworks */ = {
			isa = PBXFrameworksBuildPhase;
			buildActionMask = 2147483647;
			files = (
			);
			runOnlyForDeploymentPostprocessing = 0;
		};
/* End PBXFrameworksBuildPhase section */

/* Begin PBXGroup section */
		6F9BAE272AA8C07C0077AD7C = {
			isa = PBXGroup;
			children = (
				6F9BAE322AA8C07C0077AD7C /* UIScreens */,
				6F9BAE312AA8C07C0077AD7C /* Products */,
			);
			sourceTree = "<group>";
		};
		6F9BAE312AA8C07C0077AD7C /* Products */ = {
			isa = PBXGroup;
			children = (
				6F9BAE302AA8C07C0077AD7C /* UIScreens.app */,
			);
			name = Products;
			sourceTree = "<group>";
		};
		6F9BAE322AA8C07C0077AD7C /* UIScreens */ = {
			isa = PBXGroup;
			children = (
				6FA97CDF2AADF3040082D909 /* Model */,
				6FA97CDE2AADF2EE0082D909 /* Applications */,
				6FA97CD02AADD1BF0082D909 /* Fonts */,
				6F9BAE472AA8C14F0077AD7C /* TabBarController.swift */,
				6F9BAE372AA8C07C0077AD7C /* ReportsViewController.swift */,
				6FA97CC92AADC2040082D909 /* MainViewController.swift */,
				6FA97CD72AADDF130082D909 /* MainTableViewCell.swift */,
				6F02F72C2AAA2A1C00EAAA39 /* ProfileViewController.swift */,
				6F9BAE3C2AA8C07E0077AD7C /* Assets.xcassets */,
				6F9BAE3E2AA8C07E0077AD7C /* LaunchScreen.storyboard */,
				6F9BAE412AA8C07E0077AD7C /* Info.plist */,
			);
			path = UIScreens;
			sourceTree = "<group>";
		};
		6FA97CD02AADD1BF0082D909 /* Fonts */ = {
			isa = PBXGroup;
			children = (
				6FA97CD32AADD1DB0082D909 /* Segoe UI Bold.ttf */,
				6FA97CD52AADDCA30082D909 /* Segoe UI Light.ttf */,
				6FA97CDB2AADF0A10082D909 /* Segoe UI Semibold.ttf */,
				6FA97CD12AADD1D30082D909 /* Segoe UI.ttf */,
			);
			path = Fonts;
			sourceTree = "<group>";
		};
		6FA97CDE2AADF2EE0082D909 /* Applications */ = {
			isa = PBXGroup;
			children = (
				6F9BAE352AA8C07C0077AD7C /* SceneDelegate.swift */,
				6F9BAE332AA8C07C0077AD7C /* AppDelegate.swift */,
			);
			path = Applications;
			sourceTree = "<group>";
		};
		6FA97CDF2AADF3040082D909 /* Model */ = {
			isa = PBXGroup;
			children = (
				6FA97CD92AADE0370082D909 /* Cripto.swift */,
			);
			path = Model;
			sourceTree = "<group>";
		};
/* End PBXGroup section */

/* Begin PBXNativeTarget section */
		6F9BAE2F2AA8C07C0077AD7C /* UIScreens */ = {
			isa = PBXNativeTarget;
			buildConfigurationList = 6F9BAE442AA8C07E0077AD7C /* Build configuration list for PBXNativeTarget "UIScreens" */;
			buildPhases = (
				6F9BAE2C2AA8C07C0077AD7C /* Sources */,
				6F9BAE2D2AA8C07C0077AD7C /* Frameworks */,
				6F9BAE2E2AA8C07C0077AD7C /* Resources */,
			);
			buildRules = (
			);
			dependencies = (
			);
			name = UIScreens;
			productName = UIScreens;
			productReference = 6F9BAE302AA8C07C0077AD7C /* UIScreens.app */;
			productType = "com.apple.product-type.application";
		};
/* End PBXNativeTarget section */

/* Begin PBXProject section */
		6F9BAE282AA8C07C0077AD7C /* Project object */ = {
			isa = PBXProject;
			attributes = {
				BuildIndependentTargetsInParallel = 1;
				LastSwiftUpdateCheck = 1430;
				LastUpgradeCheck = 1430;
				TargetAttributes = {
					6F9BAE2F2AA8C07C0077AD7C = {
						CreatedOnToolsVersion = 14.3.1;
					};
				};
			};
			buildConfigurationList = 6F9BAE2B2AA8C07C0077AD7C /* Build configuration list for PBXProject "UIScreens" */;
			compatibilityVersion = "Xcode 14.0";
			developmentRegion = en;
			hasScannedForEncodings = 0;
			knownRegions = (
				en,
				Base,
			);
			mainGroup = 6F9BAE272AA8C07C0077AD7C;
			productRefGroup = 6F9BAE312AA8C07C0077AD7C /* Products */;
			projectDirPath = "";
			projectRoot = "";
			targets = (
				6F9BAE2F2AA8C07C0077AD7C /* UIScreens */,
			);
		};
/* End PBXProject section */

/* Begin PBXResourcesBuildPhase section */
		6F9BAE2E2AA8C07C0077AD7C /* Resources */ = {
			isa = PBXResourcesBuildPhase;
			buildActionMask = 2147483647;
			files = (
				6FA97CD22AADD1D30082D909 /* Segoe UI.ttf in Resources */,
				6F9BAE402AA8C07E0077AD7C /* LaunchScreen.storyboard in Resources */,
				6F9BAE3D2AA8C07E0077AD7C /* Assets.xcassets in Resources */,
				6FA97CDC2AADF0A10082D909 /* Segoe UI Semibold.ttf in Resources */,
				6FA97CD42AADD1DB0082D909 /* Segoe UI Bold.ttf in Resources */,
				6FA97CD62AADDCA30082D909 /* Segoe UI Light.ttf in Resources */,
			);
			runOnlyForDeploymentPostprocessing = 0;
		};
/* End PBXResourcesBuildPhase section */

/* Begin PBXSourcesBuildPhase section */
		6F9BAE2C2AA8C07C0077AD7C /* Sources */ = {
			isa = PBXSourcesBuildPhase;
			buildActionMask = 2147483647;
			files = (
				6FA97CDA2AADE0370082D909 /* Cripto.swift in Sources */,
				6F9BAE382AA8C07C0077AD7C /* ReportsViewController.swift in Sources */,
				6F9BAE482AA8C14F0077AD7C /* TabBarController.swift in Sources */,
				6F9BAE342AA8C07C0077AD7C /* AppDelegate.swift in Sources */,
				6FA97CD82AADDF130082D909 /* MainTableViewCell.swift in Sources */,
				6FA97CCA2AADC2040082D909 /* MainViewController.swift in Sources */,
				6F02F72D2AAA2A1C00EAAA39 /* ProfileViewController.swift in Sources */,
				6F9BAE362AA8C07C0077AD7C /* SceneDelegate.swift in Sources */,
			);
			runOnlyForDeploymentPostprocessing = 0;
		};
/* End PBXSourcesBuildPhase section */

/* Begin PBXVariantGroup section */
		6F9BAE3E2AA8C07E0077AD7C /* LaunchScreen.storyboard */ = {
			isa = PBXVariantGroup;
			children = (
				6F9BAE3F2AA8C07E0077AD7C /* Base */,
			);
			name = LaunchScreen.storyboard;
			sourceTree = "<group>";
		};
/* End PBXVariantGroup section */

/* Begin XCBuildConfiguration section */
		6F9BAE422AA8C07E0077AD7C /* Debug */ = {
			isa = XCBuildConfiguration;
			buildSettings = {
				ALWAYS_SEARCH_USER_PATHS = NO;
				CLANG_ANALYZER_NONNULL = YES;
				CLANG_ANALYZER_NUMBER_OBJECT_CONVERSION = YES_AGGRESSIVE;
				CLANG_CXX_LANGUAGE_STANDARD = "gnu++20";
				CLANG_ENABLE_MODULES = YES;
				CLANG_ENABLE_OBJC_ARC = YES;
				CLANG_ENABLE_OBJC_WEAK = YES;
				CLANG_WARN_BLOCK_CAPTURE_AUTORELEASING = YES;
				CLANG_WARN_BOOL_CONVERSION = YES;
				CLANG_WARN_COMMA = YES;
				CLANG_WARN_CONSTANT_CONVERSION = YES;
				CLANG_WARN_DEPRECATED_OBJC_IMPLEMENTATIONS = YES;
				CLANG_WARN_DIRECT_OBJC_ISA_USAGE = YES_ERROR;
				CLANG_WARN_DOCUMENTATION_COMMENTS = YES;
				CLANG_WARN_EMPTY_BODY = YES;
				CLANG_WARN_ENUM_CONVERSION = YES;
				CLANG_WARN_INFINITE_RECURSION = YES;
				CLANG_WARN_INT_CONVERSION = YES;
				CLANG_WARN_NON_LITERAL_NULL_CONVERSION = YES;
				CLANG_WARN_OBJC_IMPLICIT_RETAIN_SELF = YES;
				CLANG_WARN_OBJC_LITERAL_CONVERSION = YES;
				CLANG_WARN_OBJC_ROOT_CLASS = YES_ERROR;
				CLANG_WARN_QUOTED_INCLUDE_IN_FRAMEWORK_HEADER = YES;
				CLANG_WARN_RANGE_LOOP_ANALYSIS = YES;
				CLANG_WARN_STRICT_PROTOTYPES = YES;
				CLANG_WARN_SUSPICIOUS_MOVE = YES;
				CLANG_WARN_UNGUARDED_AVAILABILITY = YES_AGGRESSIVE;
				CLANG_WARN_UNREACHABLE_CODE = YES;
				CLANG_WARN__DUPLICATE_METHOD_MATCH = YES;
				COPY_PHASE_STRIP = NO;
				DEBUG_INFORMATION_FORMAT = dwarf;
				ENABLE_STRICT_OBJC_MSGSEND = YES;
				ENABLE_TESTABILITY = YES;
				GCC_C_LANGUAGE_STANDARD = gnu11;
				GCC_DYNAMIC_NO_PIC = NO;
				GCC_NO_COMMON_BLOCKS = YES;
				GCC_OPTIMIZATION_LEVEL = 0;
				GCC_PREPROCESSOR_DEFINITIONS = (
					"DEBUG=1",
					"$(inherited)",
				);
				GCC_WARN_64_TO_32_BIT_CONVERSION = YES;
				GCC_WARN_ABOUT_RETURN_TYPE = YES_ERROR;
				GCC_WARN_UNDECLARED_SELECTOR = YES;
				GCC_WARN_UNINITIALIZED_AUTOS = YES_AGGRESSIVE;
				GCC_WARN_UNUSED_FUNCTION = YES;
				GCC_WARN_UNUSED_VARIABLE = YES;
				IPHONEOS_DEPLOYMENT_TARGET = 16.4;
				MTL_ENABLE_DEBUG_INFO = INCLUDE_SOURCE;
				MTL_FAST_MATH = YES;
				ONLY_ACTIVE_ARCH = YES;
				SDKROOT = iphoneos;
				SWIFT_ACTIVE_COMPILATION_CONDITIONS = DEBUG;
				SWIFT_OPTIMIZATION_LEVEL = "-Onone";
			};
			name = Debug;
		};
		6F9BAE432AA8C07E0077AD7C /* Release */ = {
			isa = XCBuildConfiguration;
			buildSettings = {
				ALWAYS_SEARCH_USER_PATHS = NO;
				CLANG_ANALYZER_NONNULL = YES;
				CLANG_ANALYZER_NUMBER_OBJECT_CONVERSION = YES_AGGRESSIVE;
				CLANG_CXX_LANGUAGE_STANDARD = "gnu++20";
				CLANG_ENABLE_MODULES = YES;
				CLANG_ENABLE_OBJC_ARC = YES;
				CLANG_ENABLE_OBJC_WEAK = YES;
				CLANG_WARN_BLOCK_CAPTURE_AUTORELEASING = YES;
				CLANG_WARN_BOOL_CONVERSION = YES;
				CLANG_WARN_COMMA = YES;
				CLANG_WARN_CONSTANT_CONVERSION = YES;
				CLANG_WARN_DEPRECATED_OBJC_IMPLEMENTATIONS = YES;
				CLANG_WARN_DIRECT_OBJC_ISA_USAGE = YES_ERROR;
				CLANG_WARN_DOCUMENTATION_COMMENTS = YES;
				CLANG_WARN_EMPTY_BODY = YES;
				CLANG_WARN_ENUM_CONVERSION = YES;
				CLANG_WARN_INFINITE_RECURSION = YES;
				CLANG_WARN_INT_CONVERSION = YES;
				CLANG_WARN_NON_LITERAL_NULL_CONVERSION = YES;
				CLANG_WARN_OBJC_IMPLICIT_RETAIN_SELF = YES;
				CLANG_WARN_OBJC_LITERAL_CONVERSION = YES;
				CLANG_WARN_OBJC_ROOT_CLASS = YES_ERROR;
				CLANG_WARN_QUOTED_INCLUDE_IN_FRAMEWORK_HEADER = YES;
				CLANG_WARN_RANGE_LOOP_ANALYSIS = YES;
				CLANG_WARN_STRICT_PROTOTYPES = YES;
				CLANG_WARN_SUSPICIOUS_MOVE = YES;
				CLANG_WARN_UNGUARDED_AVAILABILITY = YES_AGGRESSIVE;
				CLANG_WARN_UNREACHABLE_CODE = YES;
				CLANG_WARN__DUPLICATE_METHOD_MATCH = YES;
				COPY_PHASE_STRIP = NO;
				DEBUG_INFORMATION_FORMAT = "dwarf-with-dsym";
				ENABLE_NS_ASSERTIONS = NO;
				ENABLE_STRICT_OBJC_MSGSEND = YES;
				GCC_C_LANGUAGE_STANDARD = gnu11;
				GCC_NO_COMMON_BLOCKS = YES;
				GCC_WARN_64_TO_32_BIT_CONVERSION = YES;
				GCC_WARN_ABOUT_RETURN_TYPE = YES_ERROR;
				GCC_WARN_UNDECLARED_SELECTOR = YES;
				GCC_WARN_UNINITIALIZED_AUTOS = YES_AGGRESSIVE;
				GCC_WARN_UNUSED_FUNCTION = YES;
				GCC_WARN_UNUSED_VARIABLE = YES;
				IPHONEOS_DEPLOYMENT_TARGET = 16.4;
				MTL_ENABLE_DEBUG_INFO = NO;
				MTL_FAST_MATH = YES;
				SDKROOT = iphoneos;
				SWIFT_COMPILATION_MODE = wholemodule;
				SWIFT_OPTIMIZATION_LEVEL = "-O";
				VALIDATE_PRODUCT = YES;
			};
			name = Release;
		};
		6F9BAE452AA8C07E0077AD7C /* Debug */ = {
			isa = XCBuildConfiguration;
			buildSettings = {
				ASSETCATALOG_COMPILER_APPICON_NAME = AppIcon;
				ASSETCATALOG_COMPILER_GLOBAL_ACCENT_COLOR_NAME = AccentColor;
				CODE_SIGN_STYLE = Automatic;
				CURRENT_PROJECT_VERSION = 1;
				GENERATE_INFOPLIST_FILE = YES;
				INFOPLIST_FILE = UIScreens/Info.plist;
				INFOPLIST_KEY_UIApplicationSupportsIndirectInputEvents = YES;
				INFOPLIST_KEY_UILaunchStoryboardName = LaunchScreen;
				INFOPLIST_KEY_UISupportedInterfaceOrientations_iPad = "UIInterfaceOrientationPortrait UIInterfaceOrientationPortraitUpsideDown UIInterfaceOrientationLandscapeLeft UIInterfaceOrientationLandscapeRight";
				INFOPLIST_KEY_UISupportedInterfaceOrientations_iPhone = "UIInterfaceOrientationPortrait UIInterfaceOrientationLandscapeLeft UIInterfaceOrientationLandscapeRight";
				LD_RUNPATH_SEARCH_PATHS = (
					"$(inherited)",
					"@executable_path/Frameworks",
				);
				MARKETING_VERSION = 1.0;
				PRODUCT_BUNDLE_IDENTIFIER = demo.UIScreens;
				PRODUCT_NAME = "$(TARGET_NAME)";
				SUPPORTED_PLATFORMS = "iphoneos iphonesimulator";
				SUPPORTS_MACCATALYST = NO;
				SUPPORTS_MAC_DESIGNED_FOR_IPHONE_IPAD = NO;
				SWIFT_EMIT_LOC_STRINGS = YES;
				SWIFT_VERSION = 5.0;
				TARGETED_DEVICE_FAMILY = 1;
			};
			name = Debug;
		};
		6F9BAE462AA8C07E0077AD7C /* Release */ = {
			isa = XCBuildConfiguration;
			buildSettings = {
				ASSETCATALOG_COMPILER_APPICON_NAME = AppIcon;
				ASSETCATALOG_COMPILER_GLOBAL_ACCENT_COLOR_NAME = AccentColor;
				CODE_SIGN_STYLE = Automatic;
				CURRENT_PROJECT_VERSION = 1;
				GENERATE_INFOPLIST_FILE = YES;
				INFOPLIST_FILE = UIScreens/Info.plist;
				INFOPLIST_KEY_UIApplicationSupportsIndirectInputEvents = YES;
				INFOPLIST_KEY_UILaunchStoryboardName = LaunchScreen;
				INFOPLIST_KEY_UISupportedInterfaceOrientations_iPad = "UIInterfaceOrientationPortrait UIInterfaceOrientationPortraitUpsideDown UIInterfaceOrientationLandscapeLeft UIInterfaceOrientationLandscapeRight";
				INFOPLIST_KEY_UISupportedInterfaceOrientations_iPhone = "UIInterfaceOrientationPortrait UIInterfaceOrientationLandscapeLeft UIInterfaceOrientationLandscapeRight";
				LD_RUNPATH_SEARCH_PATHS = (
					"$(inherited)",
					"@executable_path/Frameworks",
				);
				MARKETING_VERSION = 1.0;
				PRODUCT_BUNDLE_IDENTIFIER = demo.UIScreens;
				PRODUCT_NAME = "$(TARGET_NAME)";
				SUPPORTED_PLATFORMS = "iphoneos iphonesimulator";
				SUPPORTS_MACCATALYST = NO;
				SUPPORTS_MAC_DESIGNED_FOR_IPHONE_IPAD = NO;
				SWIFT_EMIT_LOC_STRINGS = YES;
				SWIFT_VERSION = 5.0;
				TARGETED_DEVICE_FAMILY = 1;
			};
			name = Release;
		};
/* End XCBuildConfiguration section */

/* Begin XCConfigurationList section */
		6F9BAE2B2AA8C07C0077AD7C /* Build configuration list for PBXProject "UIScreens" */ = {
			isa = XCConfigurationList;
			buildConfigurations = (
				6F9BAE422AA8C07E0077AD7C /* Debug */,
				6F9BAE432AA8C07E0077AD7C /* Release */,
			);
			defaultConfigurationIsVisible = 0;
			defaultConfigurationName = Release;
		};
		6F9BAE442AA8C07E0077AD7C /* Build configuration list for PBXNativeTarget "UIScreens" */ = {
			isa = XCConfigurationList;
			buildConfigurations = (
				6F9BAE452AA8C07E0077AD7C /* Debug */,
				6F9BAE462AA8C07E0077AD7C /* Release */,
			);
			defaultConfigurationIsVisible = 0;
			defaultConfigurationName = Release;
		};
/* End XCConfigurationList section */
	};
	rootObject = 6F9BAE282AA8C07C0077AD7C /* Project object */;
}
